
Microsoft Visual Studio Solution File, Format Version 12.00
# Visual Studio Version 17
VisualStudioVersion = 17.9.34518.117
MinimumVisualStudioVersion = 10.0.40219.1
Project("{FAE04EC0-301F-11D3-BF4B-00C04F79EFBC}") = "command pattern", "command pattern.csproj", "{B05C133F-8AAB-4A94-B8B8-190FB0258B75}"
EndProject
Global
	GlobalSection(SolutionConfigurationPlatforms) = preSolution
		Debug|Any CPU = Debug|Any CPU
		Release|Any CPU = Release|Any CPU
	EndGlobalSection
	GlobalSection(ProjectConfigurationPlatforms) = postSolution
		{B05C133F-8AAB-4A94-B8B8-190FB0258B75}.Debug|Any CPU.ActiveCfg = Debug|Any CPU
		{B05C133F-8AAB-4A94-B8B8-190FB0258B75}.Debug|Any CPU.Build.0 = Debug|Any CPU
		{B05C133F-8AAB-4A94-B8B8-190FB0258B75}.Release|Any CPU.ActiveCfg = Release|Any CPU
		{B05C133F-8AAB-4A94-B8B8-190FB0258B75}.Release|Any CPU.Build.0 = Release|Any CPU
	EndGlobalSection
	GlobalSection(SolutionProperties) = preSolution
		HideSolutionNode = FALSE
	EndGlobalSection
	GlobalSection(ExtensibilityGlobals) = postSolution
		SolutionGuid = {D2433C1A-A41C-4107-8556-84C383C614E7}
	EndGlobalSection
EndGlobal
